
Microsoft Visual Studio Solution File, Format Version 12.00
# Visual Studio Version 17
VisualStudioVersion = 17.10.35027.167
MinimumVisualStudioVersion = 10.0.40219.1
Project("{FAE04EC0-301F-11D3-BF4B-00C04F79EFBC}") = "Online Grocery", "Online Grocery\Online Grocery.csproj", "{21D362E5-2ED2-443A-B9AF-A54A0CBCEC8F}"
EndProject
Global
	GlobalSection(SolutionConfigurationPlatforms) = preSolution
		Debug|Any CPU = Debug|Any CPU
		Release|Any CPU = Release|Any CPU
	EndGlobalSection
	GlobalSection(ProjectConfigurationPlatforms) = postSolution
		{21D362E5-2ED2-443A-B9AF-A54A0CBCEC8F}.Debug|Any CPU.ActiveCfg = Debug|Any CPU
		{21D362E5-2ED2-443A-B9AF-A54A0CBCEC8F}.Debug|Any CPU.Build.0 = Debug|Any CPU
		{21D362E5-2ED2-443A-B9AF-A54A0CBCEC8F}.Release|Any CPU.ActiveCfg = Release|Any CPU
		{21D362E5-2ED2-443A-B9AF-A54A0CBCEC8F}.Release|Any CPU.Build.0 = Release|Any CPU
	EndGlobalSection
	GlobalSection(SolutionProperties) = preSolution
		HideSolutionNode = FALSE
	EndGlobalSection
	GlobalSection(ExtensibilityGlobals) = postSolution
		SolutionGuid = {1CAC6306-3D89-4C6C-AD40-95D104B36844}
	EndGlobalSection
EndGlobal
